
Microsoft Visual Studio Solution File, Format Version 12.00
# Visual Studio Version 17
VisualStudioVersion = 17.14.36119.2 d17.14
MinimumVisualStudioVersion = 10.0.40219.1
Project("{FAE04EC0-301F-11D3-BF4B-00C04F79EFBC}") = "DiscordBot", "DiscordBot\DiscordBot.csproj", "{03DE5945-1A91-4917-9ACA-5CBBCBD748EC}"
EndProject
Global
	GlobalSection(SolutionConfigurationPlatforms) = preSolution
		Debug|Any CPU = Debug|Any CPU
		Release|Any CPU = Release|Any CPU
	EndGlobalSection
	GlobalSection(ProjectConfigurationPlatforms) = postSolution
		{03DE5945-1A91-4917-9ACA-5CBBCBD748EC}.Debug|Any CPU.ActiveCfg = Debug|Any CPU
		{03DE5945-1A91-4917-9ACA-5CBBCBD748EC}.Debug|Any CPU.Build.0 = Debug|Any CPU
		{03DE5945-1A91-4917-9ACA-5CBBCBD748EC}.Release|Any CPU.ActiveCfg = Release|Any CPU
		{03DE5945-1A91-4917-9ACA-5CBBCBD748EC}.Release|Any CPU.Build.0 = Release|Any CPU
	EndGlobalSection
	GlobalSection(SolutionProperties) = preSolution
		HideSolutionNode = FALSE
	EndGlobalSection
	GlobalSection(ExtensibilityGlobals) = postSolution
		SolutionGuid = {0EDFCBF4-9FB9-454C-9296-3099B57917D9}
	EndGlobalSection
EndGlobal
